// !$*UTF8*$!
{
	archiveVersion = 1;
	classes = {
	};
	objectVersion = 56;
	objects = {

/* Begin PBXBuildFile section */
		813421D92BD1350C00CFC833 /* HomeView.swift in Sources */ = {isa = PBXBuildFile; fileRef = 813421D82BD1350C00CFC833 /* HomeView.swift */; };
		813421DB2BD155F500CFC833 /* CampaignDetailView.swift in Sources */ = {isa = PBXBuildFile; fileRef = 813421DA2BD155F500CFC833 /* CampaignDetailView.swift */; };
		81482DF32BCFED4F00F4F3F1 /* AbonesepetiUseCaseApp.swift in Sources */ = {isa = PBXBuildFile; fileRef = 81482DF22BCFED4F00F4F3F1 /* AbonesepetiUseCaseApp.swift */; };
		81482DF52BCFED4F00F4F3F1 /* LandingView.swift in Sources */ = {isa = PBXBuildFile; fileRef = 81482DF42BCFED4F00F4F3F1 /* LandingView.swift */; };
		81482DF72BCFED5100F4F3F1 /* Assets.xcassets in Resources */ = {isa = PBXBuildFile; fileRef = 81482DF62BCFED5100F4F3F1 /* Assets.xcassets */; };
		81482DFA2BCFED5100F4F3F1 /* Preview Assets.xcassets in Resources */ = {isa = PBXBuildFile; fileRef = 81482DF92BCFED5100F4F3F1 /* Preview Assets.xcassets */; };
		81482E022BCFFA4800F4F3F1 /* CampaignsView.swift in Sources */ = {isa = PBXBuildFile; fileRef = 81482E012BCFFA4800F4F3F1 /* CampaignsView.swift */; };
		81482E0B2BD0021E00F4F3F1 /* CampaignsViewModel.swift in Sources */ = {isa = PBXBuildFile; fileRef = 81482E0A2BD0021E00F4F3F1 /* CampaignsViewModel.swift */; };
		81482E0E2BD003B600F4F3F1 /* CampaignModel.swift in Sources */ = {isa = PBXBuildFile; fileRef = 81482E0D2BD003B600F4F3F1 /* CampaignModel.swift */; };
		81482E102BD003F800F4F3F1 /* GiftModel.swift in Sources */ = {isa = PBXBuildFile; fileRef = 81482E0F2BD003F800F4F3F1 /* GiftModel.swift */; };
		81482E122BD0042F00F4F3F1 /* FeatureModel.swift in Sources */ = {isa = PBXBuildFile; fileRef = 81482E112BD0042F00F4F3F1 /* FeatureModel.swift */; };
		81482E162BD00A5000F4F3F1 /* CampaignCardView.swift in Sources */ = {isa = PBXBuildFile; fileRef = 81482E152BD00A5000F4F3F1 /* CampaignCardView.swift */; };
/* End PBXBuildFile section */

/* Begin PBXFileReference section */
		813421D82BD1350C00CFC833 /* HomeView.swift */ = {isa = PBXFileReference; lastKnownFileType = sourcecode.swift; path = HomeView.swift; sourceTree = "<group>"; };
		813421DA2BD155F500CFC833 /* CampaignDetailView.swift */ = {isa = PBXFileReference; lastKnownFileType = sourcecode.swift; path = CampaignDetailView.swift; sourceTree = "<group>"; };
		81482DEF2BCFED4F00F4F3F1 /* AbonesepetiUseCase.app */ = {isa = PBXFileReference; explicitFileType = wrapper.application; includeInIndex = 0; path = AbonesepetiUseCase.app; sourceTree = BUILT_PRODUCTS_DIR; };
		81482DF22BCFED4F00F4F3F1 /* AbonesepetiUseCaseApp.swift */ = {isa = PBXFileReference; lastKnownFileType = sourcecode.swift; path = AbonesepetiUseCaseApp.swift; sourceTree = "<group>"; };
		81482DF42BCFED4F00F4F3F1 /* LandingView.swift */ = {isa = PBXFileReference; lastKnownFileType = sourcecode.swift; path = LandingView.swift; sourceTree = "<group>"; };
		81482DF62BCFED5100F4F3F1 /* Assets.xcassets */ = {isa = PBXFileReference; lastKnownFileType = folder.assetcatalog; path = Assets.xcassets; sourceTree = "<group>"; };
		81482DF92BCFED5100F4F3F1 /* Preview Assets.xcassets */ = {isa = PBXFileReference; lastKnownFileType = folder.assetcatalog; path = "Preview Assets.xcassets"; sourceTree = "<group>"; };
		81482E012BCFFA4800F4F3F1 /* CampaignsView.swift */ = {isa = PBXFileReference; lastKnownFileType = sourcecode.swift; path = CampaignsView.swift; sourceTree = "<group>"; };
		81482E0A2BD0021E00F4F3F1 /* CampaignsViewModel.swift */ = {isa = PBXFileReference; lastKnownFileType = sourcecode.swift; path = CampaignsViewModel.swift; sourceTree = "<group>"; };
		81482E0D2BD003B600F4F3F1 /* CampaignModel.swift */ = {isa = PBXFileReference; lastKnownFileType = sourcecode.swift; path = CampaignModel.swift; sourceTree = "<group>"; };
		81482E0F2BD003F800F4F3F1 /* GiftModel.swift */ = {isa = PBXFileReference; lastKnownFileType = sourcecode.swift; path = GiftModel.swift; sourceTree = "<group>"; };
		81482E112BD0042F00F4F3F1 /* FeatureModel.swift */ = {isa = PBXFileReference; lastKnownFileType = sourcecode.swift; path = FeatureModel.swift; sourceTree = "<group>"; };
		81482E152BD00A5000F4F3F1 /* CampaignCardView.swift */ = {isa = PBXFileReference; lastKnownFileType = sourcecode.swift; path = CampaignCardView.swift; sourceTree = "<group>"; };
/* End PBXFileReference section */

/* Begin PBXFrameworksBuildPhase section */
		81482DEC2BCFED4F00F4F3F1 /* Frameworks */ = {
			isa = PBXFrameworksBuildPhase;
			buildActionMask = 2147483647;
			files = (
			);
			runOnlyForDeploymentPostprocessing = 0;
		};
/* End PBXFrameworksBuildPhase section */

/* Begin PBXGroup section */
		81482DE62BCFED4F00F4F3F1 = {
			isa = PBXGroup;
			children = (
				81482DF12BCFED4F00F4F3F1 /* AbonesepetiUseCase */,
				81482DF02BCFED4F00F4F3F1 /* Products */,
			);
			sourceTree = "<group>";
		};
		81482DF02BCFED4F00F4F3F1 /* Products */ = {
			isa = PBXGroup;
			children = (
				81482DEF2BCFED4F00F4F3F1 /* AbonesepetiUseCase.app */,
			);
			name = Products;
			sourceTree = "<group>";
		};
		81482DF12BCFED4F00F4F3F1 /* AbonesepetiUseCase */ = {
			isa = PBXGroup;
			children = (
				81482E0C2BD003A800F4F3F1 /* Models */,
				81482E092BCFFE3500F4F3F1 /* ViewModels */,
				81482E002BCFEF8F00F4F3F1 /* Views */,
				81482DF22BCFED4F00F4F3F1 /* AbonesepetiUseCaseApp.swift */,
				81482DF62BCFED5100F4F3F1 /* Assets.xcassets */,
				81482DF82BCFED5100F4F3F1 /* Preview Content */,
			);
			path = AbonesepetiUseCase;
			sourceTree = "<group>";
		};
		81482DF82BCFED5100F4F3F1 /* Preview Content */ = {
			isa = PBXGroup;
			children = (
				81482DF92BCFED5100F4F3F1 /* Preview Assets.xcassets */,
			);
			path = "Preview Content";
			sourceTree = "<group>";
		};
		81482E002BCFEF8F00F4F3F1 /* Views */ = {
			isa = PBXGroup;
			children = (
				81482DF42BCFED4F00F4F3F1 /* LandingView.swift */,
				81482E142BD00A4000F4F3F1 /* Components */,
				81482E132BD00A3400F4F3F1 /* Tabs */,
				813421DA2BD155F500CFC833 /* CampaignDetailView.swift */,
			);
			path = Views;
			sourceTree = "<group>";
		};
		81482E092BCFFE3500F4F3F1 /* ViewModels */ = {
			isa = PBXGroup;
			children = (
				81482E0A2BD0021E00F4F3F1 /* CampaignsViewModel.swift */,
			);
			path = ViewModels;
			sourceTree = "<group>";
		};
		81482E0C2BD003A800F4F3F1 /* Models */ = {
			isa = PBXGroup;
			children = (
				81482E0D2BD003B600F4F3F1 /* CampaignModel.swift */,
				81482E0F2BD003F800F4F3F1 /* GiftModel.swift */,
				81482E112BD0042F00F4F3F1 /* FeatureModel.swift */,
			);
			path = Models;
			sourceTree = "<group>";
		};
		81482E132BD00A3400F4F3F1 /* Tabs */ = {
			isa = PBXGroup;
			children = (
				813421D82BD1350C00CFC833 /* HomeView.swift */,
				81482E012BCFFA4800F4F3F1 /* CampaignsView.swift */,
			);
			path = Tabs;
			sourceTree = "<group>";
		};
		81482E142BD00A4000F4F3F1 /* Components */ = {
			isa = PBXGroup;
			children = (
				81482E152BD00A5000F4F3F1 /* CampaignCardView.swift */,
			);
			path = Components;
			sourceTree = "<group>";
		};
/* End PBXGroup section */

/* Begin PBXNativeTarget section */
		81482DEE2BCFED4F00F4F3F1 /* AbonesepetiUseCase */ = {
			isa = PBXNativeTarget;
			buildConfigurationList = 81482DFD2BCFED5100F4F3F1 /* Build configuration list for PBXNativeTarget "AbonesepetiUseCase" */;
			buildPhases = (
				81482DEB2BCFED4F00F4F3F1 /* Sources */,
				81482DEC2BCFED4F00F4F3F1 /* Frameworks */,
				81482DED2BCFED4F00F4F3F1 /* Resources */,
			);
			buildRules = (
			);
			dependencies = (
			);
			name = AbonesepetiUseCase;
			productName = AbonesepetiUseCase;
			productReference = 81482DEF2BCFED4F00F4F3F1 /* AbonesepetiUseCase.app */;
			productType = "com.apple.product-type.application";
		};
/* End PBXNativeTarget section */

/* Begin PBXProject section */
		81482DE72BCFED4F00F4F3F1 /* Project object */ = {
			isa = PBXProject;
			attributes = {
				BuildIndependentTargetsInParallel = 1;
				LastSwiftUpdateCheck = 1520;
				LastUpgradeCheck = 1520;
				TargetAttributes = {
					81482DEE2BCFED4F00F4F3F1 = {
						CreatedOnToolsVersion = 15.2;
					};
				};
			};
			buildConfigurationList = 81482DEA2BCFED4F00F4F3F1 /* Build configuration list for PBXProject "AbonesepetiUseCase" */;
			compatibilityVersion = "Xcode 14.0";
			developmentRegion = en;
			hasScannedForEncodings = 0;
			knownRegions = (
				en,
				Base,
			);
			mainGroup = 81482DE62BCFED4F00F4F3F1;
			productRefGroup = 81482DF02BCFED4F00F4F3F1 /* Products */;
			projectDirPath = "";
			projectRoot = "";
			targets = (
				81482DEE2BCFED4F00F4F3F1 /* AbonesepetiUseCase */,
			);
		};
/* End PBXProject section */

/* Begin PBXResourcesBuildPhase section */
		81482DED2BCFED4F00F4F3F1 /* Resources */ = {
			isa = PBXResourcesBuildPhase;
			buildActionMask = 2147483647;
			files = (
				81482DFA2BCFED5100F4F3F1 /* Preview Assets.xcassets in Resources */,
				81482DF72BCFED5100F4F3F1 /* Assets.xcassets in Resources */,
			);
			runOnlyForDeploymentPostprocessing = 0;
		};
/* End PBXResourcesBuildPhase section */

/* Begin PBXSourcesBuildPhase section */
		81482DEB2BCFED4F00F4F3F1 /* Sources */ = {
			isa = PBXSourcesBuildPhase;
			buildActionMask = 2147483647;
			files = (
				813421D92BD1350C00CFC833 /* HomeView.swift in Sources */,
				81482E022BCFFA4800F4F3F1 /* CampaignsView.swift in Sources */,
				81482DF52BCFED4F00F4F3F1 /* LandingView.swift in Sources */,
				81482E0B2BD0021E00F4F3F1 /* CampaignsViewModel.swift in Sources */,
				81482E102BD003F800F4F3F1 /* GiftModel.swift in Sources */,
				813421DB2BD155F500CFC833 /* CampaignDetailView.swift in Sources */,
				81482E122BD0042F00F4F3F1 /* FeatureModel.swift in Sources */,
				81482DF32BCFED4F00F4F3F1 /* AbonesepetiUseCaseApp.swift in Sources */,
				81482E162BD00A5000F4F3F1 /* CampaignCardView.swift in Sources */,
				81482E0E2BD003B600F4F3F1 /* CampaignModel.swift in Sources */,
			);
			runOnlyForDeploymentPostprocessing = 0;
		};
/* End PBXSourcesBuildPhase section */

/* Begin XCBuildConfiguration section */
		81482DFB2BCFED5100F4F3F1 /* Debug */ = {
			isa = XCBuildConfiguration;
			buildSettings = {
				ALWAYS_SEARCH_USER_PATHS = NO;
				ASSETCATALOG_COMPILER_GENERATE_SWIFT_ASSET_SYMBOL_EXTENSIONS = YES;
				CLANG_ANALYZER_NONNULL = YES;
				CLANG_ANALYZER_NUMBER_OBJECT_CONVERSION = YES_AGGRESSIVE;
				CLANG_CXX_LANGUAGE_STANDARD = "gnu++20";
				CLANG_ENABLE_MODULES = YES;
				CLANG_ENABLE_OBJC_ARC = YES;
				CLANG_ENABLE_OBJC_WEAK = YES;
				CLANG_WARN_BLOCK_CAPTURE_AUTORELEASING = YES;
				CLANG_WARN_BOOL_CONVERSION = YES;
				CLANG_WARN_COMMA = YES;
				CLANG_WARN_CONSTANT_CONVERSION = YES;
				CLANG_WARN_DEPRECATED_OBJC_IMPLEMENTATIONS = YES;
				CLANG_WARN_DIRECT_OBJC_ISA_USAGE = YES_ERROR;
				CLANG_WARN_DOCUMENTATION_COMMENTS = YES;
				CLANG_WARN_EMPTY_BODY = YES;
				CLANG_WARN_ENUM_CONVERSION = YES;
				CLANG_WARN_INFINITE_RECURSION = YES;
				CLANG_WARN_INT_CONVERSION = YES;
				CLANG_WARN_NON_LITERAL_NULL_CONVERSION = YES;
				CLANG_WARN_OBJC_IMPLICIT_RETAIN_SELF = YES;
				CLANG_WARN_OBJC_LITERAL_CONVERSION = YES;
				CLANG_WARN_OBJC_ROOT_CLASS = YES_ERROR;
				CLANG_WARN_QUOTED_INCLUDE_IN_FRAMEWORK_HEADER = YES;
				CLANG_WARN_RANGE_LOOP_ANALYSIS = YES;
				CLANG_WARN_STRICT_PROTOTYPES = YES;
				CLANG_WARN_SUSPICIOUS_MOVE = YES;
				CLANG_WARN_UNGUARDED_AVAILABILITY = YES_AGGRESSIVE;
				CLANG_WARN_UNREACHABLE_CODE = YES;
				CLANG_WARN__DUPLICATE_METHOD_MATCH = YES;
				COPY_PHASE_STRIP = NO;
				DEBUG_INFORMATION_FORMAT = dwarf;
				ENABLE_STRICT_OBJC_MSGSEND = YES;
				ENABLE_TESTABILITY = YES;
				ENABLE_USER_SCRIPT_SANDBOXING = YES;
				GCC_C_LANGUAGE_STANDARD = gnu17;
				GCC_DYNAMIC_NO_PIC = NO;
				GCC_NO_COMMON_BLOCKS = YES;
				GCC_OPTIMIZATION_LEVEL = 0;
				GCC_PREPROCESSOR_DEFINITIONS = (
					"DEBUG=1",
					"$(inherited)",
				);
				GCC_WARN_64_TO_32_BIT_CONVERSION = YES;
				GCC_WARN_ABOUT_RETURN_TYPE = YES_ERROR;
				GCC_WARN_UNDECLARED_SELECTOR = YES;
				GCC_WARN_UNINITIALIZED_AUTOS = YES_AGGRESSIVE;
				GCC_WARN_UNUSED_FUNCTION = YES;
				GCC_WARN_UNUSED_VARIABLE = YES;
				IPHONEOS_DEPLOYMENT_TARGET = 17.2;
				LOCALIZATION_PREFERS_STRING_CATALOGS = YES;
				MTL_ENABLE_DEBUG_INFO = INCLUDE_SOURCE;
				MTL_FAST_MATH = YES;
				ONLY_ACTIVE_ARCH = YES;
				SDKROOT = iphoneos;
				SWIFT_ACTIVE_COMPILATION_CONDITIONS = "DEBUG $(inherited)";
				SWIFT_OPTIMIZATION_LEVEL = "-Onone";
			};
			name = Debug;
		};
		81482DFC2BCFED5100F4F3F1 /* Release */ = {
			isa = XCBuildConfiguration;
			buildSettings = {
				ALWAYS_SEARCH_USER_PATHS = NO;
				ASSETCATALOG_COMPILER_GENERATE_SWIFT_ASSET_SYMBOL_EXTENSIONS = YES;
				CLANG_ANALYZER_NONNULL = YES;
				CLANG_ANALYZER_NUMBER_OBJECT_CONVERSION = YES_AGGRESSIVE;
				CLANG_CXX_LANGUAGE_STANDARD = "gnu++20";
				CLANG_ENABLE_MODULES = YES;
				CLANG_ENABLE_OBJC_ARC = YES;
				CLANG_ENABLE_OBJC_WEAK = YES;
				CLANG_WARN_BLOCK_CAPTURE_AUTORELEASING = YES;
				CLANG_WARN_BOOL_CONVERSION = YES;
				CLANG_WARN_COMMA = YES;
				CLANG_WARN_CONSTANT_CONVERSION = YES;
				CLANG_WARN_DEPRECATED_OBJC_IMPLEMENTATIONS = YES;
				CLANG_WARN_DIRECT_OBJC_ISA_USAGE = YES_ERROR;
				CLANG_WARN_DOCUMENTATION_COMMENTS = YES;
				CLANG_WARN_EMPTY_BODY = YES;
				CLANG_WARN_ENUM_CONVERSION = YES;
				CLANG_WARN_INFINITE_RECURSION = YES;
				CLANG_WARN_INT_CONVERSION = YES;
				CLANG_WARN_NON_LITERAL_NULL_CONVERSION = YES;
				CLANG_WARN_OBJC_IMPLICIT_RETAIN_SELF = YES;
				CLANG_WARN_OBJC_LITERAL_CONVERSION = YES;
				CLANG_WARN_OBJC_ROOT_CLASS = YES_ERROR;
				CLANG_WARN_QUOTED_INCLUDE_IN_FRAMEWORK_HEADER = YES;
				CLANG_WARN_RANGE_LOOP_ANALYSIS = YES;
				CLANG_WARN_STRICT_PROTOTYPES = YES;
				CLANG_WARN_SUSPICIOUS_MOVE = YES;
				CLANG_WARN_UNGUARDED_AVAILABILITY = YES_AGGRESSIVE;
				CLANG_WARN_UNREACHABLE_CODE = YES;
				CLANG_WARN__DUPLICATE_METHOD_MATCH = YES;
				COPY_PHASE_STRIP = NO;
				DEBUG_INFORMATION_FORMAT = "dwarf-with-dsym";
				ENABLE_NS_ASSERTIONS = NO;
				ENABLE_STRICT_OBJC_MSGSEND = YES;
				ENABLE_USER_SCRIPT_SANDBOXING = YES;
				GCC_C_LANGUAGE_STANDARD = gnu17;
				GCC_NO_COMMON_BLOCKS = YES;
				GCC_WARN_64_TO_32_BIT_CONVERSION = YES;
				GCC_WARN_ABOUT_RETURN_TYPE = YES_ERROR;
				GCC_WARN_UNDECLARED_SELECTOR = YES;
				GCC_WARN_UNINITIALIZED_AUTOS = YES_AGGRESSIVE;
				GCC_WARN_UNUSED_FUNCTION = YES;
				GCC_WARN_UNUSED_VARIABLE = YES;
				IPHONEOS_DEPLOYMENT_TARGET = 17.2;
				LOCALIZATION_PREFERS_STRING_CATALOGS = YES;
				MTL_ENABLE_DEBUG_INFO = NO;
				MTL_FAST_MATH = YES;
				SDKROOT = iphoneos;
				SWIFT_COMPILATION_MODE = wholemodule;
				VALIDATE_PRODUCT = YES;
			};
			name = Release;
		};
		81482DFE2BCFED5100F4F3F1 /* Debug */ = {
			isa = XCBuildConfiguration;
			buildSettings = {
				ASSETCATALOG_COMPILER_APPICON_NAME = AppIcon;
				ASSETCATALOG_COMPILER_GLOBAL_ACCENT_COLOR_NAME = AccentColor;
				CODE_SIGN_STYLE = Automatic;
				CURRENT_PROJECT_VERSION = 1;
				DEVELOPMENT_ASSET_PATHS = "\"AbonesepetiUseCase/Preview Content\"";
				DEVELOPMENT_TEAM = J6WDBVB643;
				ENABLE_PREVIEWS = YES;
				GENERATE_INFOPLIST_FILE = YES;
				INFOPLIST_KEY_UIApplicationSceneManifest_Generation = YES;
				INFOPLIST_KEY_UIApplicationSupportsIndirectInputEvents = YES;
				INFOPLIST_KEY_UILaunchScreen_Generation = YES;
				INFOPLIST_KEY_UISupportedInterfaceOrientations_iPad = "UIInterfaceOrientationPortrait UIInterfaceOrientationPortraitUpsideDown UIInterfaceOrientationLandscapeLeft UIInterfaceOrientationLandscapeRight";
				INFOPLIST_KEY_UISupportedInterfaceOrientations_iPhone = "UIInterfaceOrientationPortrait UIInterfaceOrientationLandscapeLeft UIInterfaceOrientationLandscapeRight";
				LD_RUNPATH_SEARCH_PATHS = (
					"$(inherited)",
					"@executable_path/Frameworks",
				);
				MARKETING_VERSION = 1.0;
				PRODUCT_BUNDLE_IDENTIFIER = com.sametcagriaktepe.AbonesepetiUseCase;
				PRODUCT_NAME = "$(TARGET_NAME)";
				SWIFT_EMIT_LOC_STRINGS = YES;
				SWIFT_VERSION = 5.0;
				TARGETED_DEVICE_FAMILY = "1,2";
			};
			name = Debug;
		};
		81482DFF2BCFED5100F4F3F1 /* Release */ = {
			isa = XCBuildConfiguration;
			buildSettings = {
				ASSETCATALOG_COMPILER_APPICON_NAME = AppIcon;
				ASSETCATALOG_COMPILER_GLOBAL_ACCENT_COLOR_NAME = AccentColor;
				CODE_SIGN_STYLE = Automatic;
				CURRENT_PROJECT_VERSION = 1;
				DEVELOPMENT_ASSET_PATHS = "\"AbonesepetiUseCase/Preview Content\"";
				DEVELOPMENT_TEAM = J6WDBVB643;
				ENABLE_PREVIEWS = YES;
				GENERATE_INFOPLIST_FILE = YES;
				INFOPLIST_KEY_UIApplicationSceneManifest_Generation = YES;
				INFOPLIST_KEY_UIApplicationSupportsIndirectInputEvents = YES;
				INFOPLIST_KEY_UILaunchScreen_Generation = YES;
				INFOPLIST_KEY_UISupportedInterfaceOrientations_iPad = "UIInterfaceOrientationPortrait UIInterfaceOrientationPortraitUpsideDown UIInterfaceOrientationLandscapeLeft UIInterfaceOrientationLandscapeRight";
				INFOPLIST_KEY_UISupportedInterfaceOrientations_iPhone = "UIInterfaceOrientationPortrait UIInterfaceOrientationLandscapeLeft UIInterfaceOrientationLandscapeRight";
				LD_RUNPATH_SEARCH_PATHS = (
					"$(inherited)",
					"@executable_path/Frameworks",
				);
				MARKETING_VERSION = 1.0;
				PRODUCT_BUNDLE_IDENTIFIER = com.sametcagriaktepe.AbonesepetiUseCase;
				PRODUCT_NAME = "$(TARGET_NAME)";
				SWIFT_EMIT_LOC_STRINGS = YES;
				SWIFT_VERSION = 5.0;
				TARGETED_DEVICE_FAMILY = "1,2";
			};
			name = Release;
		};
/* End XCBuildConfiguration section */

/* Begin XCConfigurationList section */
		81482DEA2BCFED4F00F4F3F1 /* Build configuration list for PBXProject "AbonesepetiUseCase" */ = {
			isa = XCConfigurationList;
			buildConfigurations = (
				81482DFB2BCFED5100F4F3F1 /* Debug */,
				81482DFC2BCFED5100F4F3F1 /* Release */,
			);
			defaultConfigurationIsVisible = 0;
			defaultConfigurationName = Release;
		};
		81482DFD2BCFED5100F4F3F1 /* Build configuration list for PBXNativeTarget "AbonesepetiUseCase" */ = {
			isa = XCConfigurationList;
			buildConfigurations = (
				81482DFE2BCFED5100F4F3F1 /* Debug */,
				81482DFF2BCFED5100F4F3F1 /* Release */,
			);
			defaultConfigurationIsVisible = 0;
			defaultConfigurationName = Release;
		};
/* End XCConfigurationList section */
	};
	rootObject = 81482DE72BCFED4F00F4F3F1 /* Project object */;
}
